# This file is automatically @generated by Poetry 1.5.1 and should not be changed by hand.

[[package]]
name = "autopep8"
version = "2.0.4"
description = "A tool that automatically formats Python code to conform to the PEP 8 style guide"
optional = false
python-versions = ">=3.6"
files = [
    {file = "autopep8-2.0.4-py2.py3-none-any.whl", hash = "sha256:067959ca4a07b24dbd5345efa8325f5f58da4298dab0dde0443d5ed765de80cb"},
    {file = "autopep8-2.0.4.tar.gz", hash = "sha256:2913064abd97b3419d1cc83ea71f042cb821f87e45b9c88cad5ad3c4ea87fe0c"},
]

[package.dependencies]
pycodestyle = ">=2.10.0"
tomli = {version = "*", markers = "python_version < \"3.11\""}

[[package]]
name = "certifi"
version = "2023.7.22"
description = "Python package for providing Mozilla's CA Bundle."
optional = false
python-versions = ">=3.6"
files = [
    {file = "certifi-2023.7.22-py3-none-any.whl", hash = "sha256:92d6037539857d8206b8f6ae472e8b77db8058fec5937a1ef3f54304089edbb9"},
    {file = "certifi-2023.7.22.tar.gz", hash = "sha256:539cc1d13202e33ca466e88b2807e29f4c13049d6d87031a3c110744495cb082"},
]

[[package]]
name = "charset-normalizer"
version = "3.2.0"
description = "The Real First Universal Charset Detector. Open, modern and actively maintained alternative to Chardet."
optional = false
python-versions = ">=3.7.0"
files = [
    {file = "charset-normalizer-3.2.0.tar.gz", hash = "sha256:3bb3d25a8e6c0aedd251753a79ae98a093c7e7b471faa3aa9a93a81431987ace"},
    {file = "charset_normalizer-3.2.0-cp310-cp310-macosx_10_9_universal2.whl", hash = "sha256:0b87549028f680ca955556e3bd57013ab47474c3124dc069faa0b6545b6c9710"},
    {file = "charset_normalizer-3.2.0-cp310-cp310-macosx_10_9_x86_64.whl", hash = "sha256:7c70087bfee18a42b4040bb9ec1ca15a08242cf5867c58726530bdf3945672ed"},
    {file = "charset_normalizer-3.2.0-cp310-cp310-macosx_11_0_arm64.whl", hash = "sha256:a103b3a7069b62f5d4890ae1b8f0597618f628b286b03d4bc9195230b154bfa9"},
    {file = "charset_normalizer-3.2.0-cp310-cp310-manylinux_2_17_aarch64.manylinux2014_aarch64.whl", hash = "sha256:94aea8eff76ee6d1cdacb07dd2123a68283cb5569e0250feab1240058f53b623"},
    {file = "charset_normalizer-3.2.0-cp310-cp310-manylinux_2_17_ppc64le.manylinux2014_ppc64le.whl", hash = "sha256:db901e2ac34c931d73054d9797383d0f8009991e723dab15109740a63e7f902a"},
    {file = "charset_normalizer-3.2.0-cp310-cp310-manylinux_2_17_s390x.manylinux2014_s390x.whl", hash = "sha256:b0dac0ff919ba34d4df1b6131f59ce95b08b9065233446be7e459f95554c0dc8"},
    {file = "charset_normalizer-3.2.0-cp310-cp310-manylinux_2_17_x86_64.manylinux2014_x86_64.whl", hash = "sha256:193cbc708ea3aca45e7221ae58f0fd63f933753a9bfb498a3b474878f12caaad"},
    {file = "charset_normalizer-3.2.0-cp310-cp310-manylinux_2_5_i686.manylinux1_i686.manylinux_2_17_i686.manylinux2014_i686.whl", hash = "sha256:09393e1b2a9461950b1c9a45d5fd251dc7c6f228acab64da1c9c0165d9c7765c"},
    {file = "charset_normalizer-3.2.0-cp310-cp310-musllinux_1_1_aarch64.whl", hash = "sha256:baacc6aee0b2ef6f3d308e197b5d7a81c0e70b06beae1f1fcacffdbd124fe0e3"},
    {file = "charset_normalizer-3.2.0-cp310-cp310-musllinux_1_1_i686.whl", hash = "sha256:bf420121d4c8dce6b889f0e8e4ec0ca34b7f40186203f06a946fa0276ba54029"},
    {file = "charset_normalizer-3.2.0-cp310-cp310-musllinux_1_1_ppc64le.whl", hash = "sha256:c04a46716adde8d927adb9457bbe39cf473e1e2c2f5d0a16ceb837e5d841ad4f"},
    {file = "charset_normalizer-3.2.0-cp310-cp310-musllinux_1_1_s390x.whl", hash = "sha256:aaf63899c94de41fe3cf934601b0f7ccb6b428c6e4eeb80da72c58eab077b19a"},
    {file = "charset_normalizer-3.2.0-cp310-cp310-musllinux_1_1_x86_64.whl", hash = "sha256:d62e51710986674142526ab9f78663ca2b0726066ae26b78b22e0f5e571238dd"},
    {file = "charset_normalizer-3.2.0-cp310-cp310-win32.whl", hash = "sha256:04e57ab9fbf9607b77f7d057974694b4f6b142da9ed4a199859d9d4d5c63fe96"},
    {file = "charset_normalizer-3.2.0-cp310-cp310-win_amd64.whl", hash = "sha256:48021783bdf96e3d6de03a6e39a1171ed5bd7e8bb93fc84cc649d11490f87cea"},
    {file = "charset_normalizer-3.2.0-cp311-cp311-macosx_10_9_universal2.whl", hash = "sha256:4957669ef390f0e6719db3613ab3a7631e68424604a7b448f079bee145da6e09"},
    {file = "charset_normalizer-3.2.0-cp311-cp311-macosx_10_9_x86_64.whl", hash = "sha256:46fb8c61d794b78ec7134a715a3e564aafc8f6b5e338417cb19fe9f57a5a9bf2"},
    {file = "charset_normalizer-3.2.0-cp311-cp311-macosx_11_0_arm64.whl", hash = "sha256:f779d3ad205f108d14e99bb3859aa7dd8e9c68874617c72354d7ecaec2a054ac"},
    {file = "charset_normalizer-3.2.0-cp311-cp311-manylinux_2_17_aarch64.manylinux2014_aarch64.whl", hash = "sha256:f25c229a6ba38a35ae6e25ca1264621cc25d4d38dca2942a7fce0b67a4efe918"},
    {file = "charset_normalizer-3.2.0-cp311-cp311-manylinux_2_17_ppc64le.manylinux2014_ppc64le.whl", hash = "sha256:2efb1bd13885392adfda4614c33d3b68dee4921fd0ac1d3988f8cbb7d589e72a"},
    {file = "charset_normalizer-3.2.0-cp311-cp311-manylinux_2_17_s390x.manylinux2014_s390x.whl", hash = "sha256:1f30b48dd7fa1474554b0b0f3fdfdd4c13b5c737a3c6284d3cdc424ec0ffff3a"},
    {file = "charset_normalizer-3.2.0-cp311-cp311-manylinux_2_17_x86_64.manylinux2014_x86_64.whl", hash = "sha256:246de67b99b6851627d945db38147d1b209a899311b1305dd84916f2b88526c6"},
    {file = "charset_normalizer-3.2.0-cp311-cp311-manylinux_2_5_i686.manylinux1_i686.manylinux_2_17_i686.manylinux2014_i686.whl", hash = "sha256:9bd9b3b31adcb054116447ea22caa61a285d92e94d710aa5ec97992ff5eb7cf3"},
    {file = "charset_normalizer-3.2.0-cp311-cp311-musllinux_1_1_aarch64.whl", hash = "sha256:8c2f5e83493748286002f9369f3e6607c565a6a90425a3a1fef5ae32a36d749d"},
    {file = "charset_normalizer-3.2.0-cp311-cp311-musllinux_1_1_i686.whl", hash = "sha256:3170c9399da12c9dc66366e9d14da8bf7147e1e9d9ea566067bbce7bb74bd9c2"},
    {file = "charset_normalizer-3.2.0-cp311-cp311-musllinux_1_1_ppc64le.whl", hash = "sha256:7a4826ad2bd6b07ca615c74ab91f32f6c96d08f6fcc3902ceeedaec8cdc3bcd6"},
    {file = "charset_normalizer-3.2.0-cp311-cp311-musllinux_1_1_s390x.whl", hash = "sha256:3b1613dd5aee995ec6d4c69f00378bbd07614702a315a2cf6c1d21461fe17c23"},
    {file = "charset_normalizer-3.2.0-cp311-cp311-musllinux_1_1_x86_64.whl", hash = "sha256:9e608aafdb55eb9f255034709e20d5a83b6d60c054df0802fa9c9883d0a937aa"},
    {file = "charset_normalizer-3.2.0-cp311-cp311-win32.whl", hash = "sha256:f2a1d0fd4242bd8643ce6f98927cf9c04540af6efa92323e9d3124f57727bfc1"},
    {file = "charset_normalizer-3.2.0-cp311-cp311-win_amd64.whl", hash = "sha256:681eb3d7e02e3c3655d1b16059fbfb605ac464c834a0c629048a30fad2b27489"},
    {file = "charset_normalizer-3.2.0-cp37-cp37m-macosx_10_9_x86_64.whl", hash = "sha256:c57921cda3a80d0f2b8aec7e25c8aa14479ea92b5b51b6876d975d925a2ea346"},
    {file = "charset_normalizer-3.2.0-cp37-cp37m-manylinux_2_17_aarch64.manylinux2014_aarch64.whl", hash = "sha256:41b25eaa7d15909cf3ac4c96088c1f266a9a93ec44f87f1d13d4a0e86c81b982"},
    {file = "charset_normalizer-3.2.0-cp37-cp37m-manylinux_2_17_ppc64le.manylinux2014_ppc64le.whl", hash = "sha256:f058f6963fd82eb143c692cecdc89e075fa0828db2e5b291070485390b2f1c9c"},
    {file = "charset_normalizer-3.2.0-cp37-cp37m-manylinux_2_17_s390x.manylinux2014_s390x.whl", hash = "sha256:a7647ebdfb9682b7bb97e2a5e7cb6ae735b1c25008a70b906aecca294ee96cf4"},
    {file = "charset_normalizer-3.2.0-cp37-cp37m-manylinux_2_17_x86_64.manylinux2014_x86_64.whl", hash = "sha256:eef9df1eefada2c09a5e7a40991b9fc6ac6ef20b1372abd48d2794a316dc0449"},
    {file = "charset_normalizer-3.2.0-cp37-cp37m-manylinux_2_5_i686.manylinux1_i686.manylinux_2_17_i686.manylinux2014_i686.whl", hash = "sha256:e03b8895a6990c9ab2cdcd0f2fe44088ca1c65ae592b8f795c3294af00a461c3"},
    {file = "charset_normalizer-3.2.0-cp37-cp37m-musllinux_1_1_aarch64.whl", hash = "sha256:ee4006268ed33370957f55bf2e6f4d263eaf4dc3cfc473d1d90baff6ed36ce4a"},
    {file = "charset_normalizer-3.2.0-cp37-cp37m-musllinux_1_1_i686.whl", hash = "sha256:c4983bf937209c57240cff65906b18bb35e64ae872da6a0db937d7b4af845dd7"},
    {file = "charset_normalizer-3.2.0-cp37-cp37m-musllinux_1_1_ppc64le.whl", hash = "sha256:3bb7fda7260735efe66d5107fb7e6af6a7c04c7fce9b2514e04b7a74b06bf5dd"},
    {file = "charset_normalizer-3.2.0-cp37-cp37m-musllinux_1_1_s390x.whl", hash = "sha256:72814c01533f51d68702802d74f77ea026b5ec52793c791e2da806a3844a46c3"},
    {file = "charset_normalizer-3.2.0-cp37-cp37m-musllinux_1_1_x86_64.whl", hash = "sha256:70c610f6cbe4b9fce272c407dd9d07e33e6bf7b4aa1b7ffb6f6ded8e634e3592"},
    {file = "charset_normalizer-3.2.0-cp37-cp37m-win32.whl", hash = "sha256:a401b4598e5d3f4a9a811f3daf42ee2291790c7f9d74b18d75d6e21dda98a1a1"},
    {file = "charset_normalizer-3.2.0-cp37-cp37m-win_amd64.whl", hash = "sha256:c0b21078a4b56965e2b12f247467b234734491897e99c1d51cee628da9786959"},
    {file = "charset_normalizer-3.2.0-cp38-cp38-macosx_10_9_universal2.whl", hash = "sha256:95eb302ff792e12aba9a8b8f8474ab229a83c103d74a750ec0bd1c1eea32e669"},
    {file = "charset_normalizer-3.2.0-cp38-cp38-macosx_10_9_x86_64.whl", hash = "sha256:1a100c6d595a7f316f1b6f01d20815d916e75ff98c27a01ae817439ea7726329"},
    {file = "charset_normalizer-3.2.0-cp38-cp38-macosx_11_0_arm64.whl", hash = "sha256:6339d047dab2780cc6220f46306628e04d9750f02f983ddb37439ca47ced7149"},
    {file = "charset_normalizer-3.2.0-cp38-cp38-manylinux_2_17_aarch64.manylinux2014_aarch64.whl", hash = "sha256:e4b749b9cc6ee664a3300bb3a273c1ca8068c46be705b6c31cf5d276f8628a94"},
    {file = "charset_normalizer-3.2.0-cp38-cp38-manylinux_2_17_ppc64le.manylinux2014_ppc64le.whl", hash = "sha256:a38856a971c602f98472050165cea2cdc97709240373041b69030be15047691f"},
    {file = "charset_normalizer-3.2.0-cp38-cp38-manylinux_2_17_s390x.manylinux2014_s390x.whl", hash = "sha256:f87f746ee241d30d6ed93969de31e5ffd09a2961a051e60ae6bddde9ec3583aa"},
    {file = "charset_normalizer-3.2.0-cp38-cp38-manylinux_2_17_x86_64.manylinux2014_x86_64.whl", hash = "sha256:89f1b185a01fe560bc8ae5f619e924407efca2191b56ce749ec84982fc59a32a"},
    {file = "charset_normalizer-3.2.0-cp38-cp38-manylinux_2_5_i686.manylinux1_i686.manylinux_2_17_i686.manylinux2014_i686.whl", hash = "sha256:e1c8a2f4c69e08e89632defbfabec2feb8a8d99edc9f89ce33c4b9e36ab63037"},
    {file = "charset_normalizer-3.2.0-cp38-cp38-musllinux_1_1_aarch64.whl", hash = "sha256:2f4ac36d8e2b4cc1aa71df3dd84ff8efbe3bfb97ac41242fbcfc053c67434f46"},
    {file = "charset_normalizer-3.2.0-cp38-cp38-musllinux_1_1_i686.whl", hash = "sha256:a386ebe437176aab38c041de1260cd3ea459c6ce5263594399880bbc398225b2"},
    {file = "charset_normalizer-3.2.0-cp38-cp38-musllinux_1_1_ppc64le.whl", hash = "sha256:ccd16eb18a849fd8dcb23e23380e2f0a354e8daa0c984b8a732d9cfaba3a776d"},
    {file = "charset_normalizer-3.2.0-cp38-cp38-musllinux_1_1_s390x.whl", hash = "sha256:e6a5bf2cba5ae1bb80b154ed68a3cfa2fa00fde979a7f50d6598d3e17d9ac20c"},
    {file = "charset_normalizer-3.2.0-cp38-cp38-musllinux_1_1_x86_64.whl", hash = "sha256:45de3f87179c1823e6d9e32156fb14c1927fcc9aba21433f088fdfb555b77c10"},
    {file = "charset_normalizer-3.2.0-cp38-cp38-win32.whl", hash = "sha256:1000fba1057b92a65daec275aec30586c3de2401ccdcd41f8a5c1e2c87078706"},
    {file = "charset_normalizer-3.2.0-cp38-cp38-win_amd64.whl", hash = "sha256:8b2c760cfc7042b27ebdb4a43a4453bd829a5742503599144d54a032c5dc7e9e"},
    {file = "charset_normalizer-3.2.0-cp39-cp39-macosx_10_9_universal2.whl", hash = "sha256:855eafa5d5a2034b4621c74925d89c5efef61418570e5ef9b37717d9c796419c"},
    {file = "charset_normalizer-3.2.0-cp39-cp39-macosx_10_9_x86_64.whl", hash = "sha256:203f0c8871d5a7987be20c72442488a0b8cfd0f43b7973771640fc593f56321f"},
    {file = "charset_normalizer-3.2.0-cp39-cp39-macosx_11_0_arm64.whl", hash = "sha256:e857a2232ba53ae940d3456f7533ce6ca98b81917d47adc3c7fd55dad8fab858"},
    {file = "charset_normalizer-3.2.0-cp39-cp39-manylinux_2_17_aarch64.manylinux2014_aarch64.whl", hash = "sha256:5e86d77b090dbddbe78867a0275cb4df08ea195e660f1f7f13435a4649e954e5"},
    {file = "charset_normalizer-3.2.0-cp39-cp39-manylinux_2_17_ppc64le.manylinux2014_ppc64le.whl", hash = "sha256:c4fb39a81950ec280984b3a44f5bd12819953dc5fa3a7e6fa7a80db5ee853952"},
    {file = "charset_normalizer-3.2.0-cp39-cp39-manylinux_2_17_s390x.manylinux2014_s390x.whl", hash = "sha256:2dee8e57f052ef5353cf608e0b4c871aee320dd1b87d351c28764fc0ca55f9f4"},
    {file = "charset_normalizer-3.2.0-cp39-cp39-manylinux_2_17_x86_64.manylinux2014_x86_64.whl", hash = "sha256:8700f06d0ce6f128de3ccdbc1acaea1ee264d2caa9ca05daaf492fde7c2a7200"},
    {file = "charset_normalizer-3.2.0-cp39-cp39-manylinux_2_5_i686.manylinux1_i686.manylinux_2_17_i686.manylinux2014_i686.whl", hash = "sha256:1920d4ff15ce893210c1f0c0e9d19bfbecb7983c76b33f046c13a8ffbd570252"},
    {file = "charset_normalizer-3.2.0-cp39-cp39-musllinux_1_1_aarch64.whl", hash = "sha256:c1c76a1743432b4b60ab3358c937a3fe1341c828ae6194108a94c69028247f22"},
    {file = "charset_normalizer-3.2.0-cp39-cp39-musllinux_1_1_i686.whl", hash = "sha256:f7560358a6811e52e9c4d142d497f1a6e10103d3a6881f18d04dbce3729c0e2c"},
    {file = "charset_normalizer-3.2.0-cp39-cp39-musllinux_1_1_ppc64le.whl", hash = "sha256:c8063cf17b19661471ecbdb3df1c84f24ad2e389e326ccaf89e3fb2484d8dd7e"},
    {file = "charset_normalizer-3.2.0-cp39-cp39-musllinux_1_1_s390x.whl", hash = "sha256:cd6dbe0238f7743d0efe563ab46294f54f9bc8f4b9bcf57c3c666cc5bc9d1299"},
    {file = "charset_normalizer-3.2.0-cp39-cp39-musllinux_1_1_x86_64.whl", hash = "sha256:1249cbbf3d3b04902ff081ffbb33ce3377fa6e4c7356f759f3cd076cc138d020"},
    {file = "charset_normalizer-3.2.0-cp39-cp39-win32.whl", hash = "sha256:6c409c0deba34f147f77efaa67b8e4bb83d2f11c8806405f76397ae5b8c0d1c9"},
    {file = "charset_normalizer-3.2.0-cp39-cp39-win_amd64.whl", hash = "sha256:7095f6fbfaa55defb6b733cfeb14efaae7a29f0b59d8cf213be4e7ca0b857b80"},
    {file = "charset_normalizer-3.2.0-py3-none-any.whl", hash = "sha256:8e098148dd37b4ce3baca71fb394c81dc5d9c7728c95df695d2dca218edf40e6"},
]

[[package]]
name = "idna"
version = "3.4"
description = "Internationalized Domain Names in Applications (IDNA)"
optional = false
python-versions = ">=3.5"
files = [
    {file = "idna-3.4-py3-none-any.whl", hash = "sha256:90b77e79eaa3eba6de819a0c442c0b4ceefc341a7a2ab77d7562bf49f425c5c2"},
    {file = "idna-3.4.tar.gz", hash = "sha256:814f528e8dead7d329833b91c5faa87d60bf71824cd12a7530b5526063d02cb4"},
]

[[package]]
name = "pycodestyle"
version = "2.11.0"
description = "Python style guide checker"
optional = false
python-versions = ">=3.8"
files = [
    {file = "pycodestyle-2.11.0-py2.py3-none-any.whl", hash = "sha256:5d1013ba8dc7895b548be5afb05740ca82454fd899971563d2ef625d090326f8"},
    {file = "pycodestyle-2.11.0.tar.gz", hash = "sha256:259bcc17857d8a8b3b4a2327324b79e5f020a13c16074670f9c8c8f872ea76d0"},
]

[[package]]
name = "pyyaml"
version = "6.0.1"
description = "YAML parser and emitter for Python"
optional = false
python-versions = ">=3.6"
files = [
    {file = "PyYAML-6.0.1-cp310-cp310-macosx_10_9_x86_64.whl", hash = "sha256:d858aa552c999bc8a8d57426ed01e40bef403cd8ccdd0fc5f6f04a00414cac2a"},
    {file = "PyYAML-6.0.1-cp310-cp310-macosx_11_0_arm64.whl", hash = "sha256:fd66fc5d0da6d9815ba2cebeb4205f95818ff4b79c3ebe268e75d961704af52f"},
    {file = "PyYAML-6.0.1-cp310-cp310-manylinux_2_17_aarch64.manylinux2014_aarch64.whl", hash = "sha256:69b023b2b4daa7548bcfbd4aa3da05b3a74b772db9e23b982788168117739938"},
    {file = "PyYAML-6.0.1-cp310-cp310-manylinux_2_17_s390x.manylinux2014_s390x.whl", hash = "sha256:81e0b275a9ecc9c0c0c07b4b90ba548307583c125f54d5b6946cfee6360c733d"},
    {file = "PyYAML-6.0.1-cp310-cp310-manylinux_2_17_x86_64.manylinux2014_x86_64.whl", hash = "sha256:ba336e390cd8e4d1739f42dfe9bb83a3cc2e80f567d8805e11b46f4a943f5515"},
    {file = "PyYAML-6.0.1-cp310-cp310-musllinux_1_1_x86_64.whl", hash = "sha256:326c013efe8048858a6d312ddd31d56e468118ad4cdeda36c719bf5bb6192290"},
    {file = "PyYAML-6.0.1-cp310-cp310-win32.whl", hash = "sha256:bd4af7373a854424dabd882decdc5579653d7868b8fb26dc7d0e99f823aa5924"},
    {file = "PyYAML-6.0.1-cp310-cp310-win_amd64.whl", hash = "sha256:fd1592b3fdf65fff2ad0004b5e363300ef59ced41c2e6b3a99d4089fa8c5435d"},
    {file = "PyYAML-6.0.1-cp311-cp311-macosx_10_9_x86_64.whl", hash = "sha256:6965a7bc3cf88e5a1c3bd2e0b5c22f8d677dc88a455344035f03399034eb3007"},
    {file = "PyYAML-6.0.1-cp311-cp311-macosx_11_0_arm64.whl", hash = "sha256:f003ed9ad21d6a4713f0a9b5a7a0a79e08dd0f221aff4525a2be4c346ee60aab"},
    {file = "PyYAML-6.0.1-cp311-cp311-manylinux_2_17_aarch64.manylinux2014_aarch64.whl", hash = "sha256:42f8152b8dbc4fe7d96729ec2b99c7097d656dc1213a3229ca5383f973a5ed6d"},
    {file = "PyYAML-6.0.1-cp311-cp311-manylinux_2_17_s390x.manylinux2014_s390x.whl", hash = "sha256:062582fca9fabdd2c8b54a3ef1c978d786e0f6b3a1510e0ac93ef59e0ddae2bc"},
    {file = "PyYAML-6.0.1-cp311-cp311-manylinux_2_17_x86_64.manylinux2014_x86_64.whl", hash = "sha256:d2b04aac4d386b172d5b9692e2d2da8de7bfb6c387fa4f801fbf6fb2e6ba4673"},
    {file = "PyYAML-6.0.1-cp311-cp311-musllinux_1_1_x86_64.whl", hash = "sha256:e7d73685e87afe9f3b36c799222440d6cf362062f78be1013661b00c5c6f678b"},
    {file = "PyYAML-6.0.1-cp311-cp311-win32.whl", hash = "sha256:1635fd110e8d85d55237ab316b5b011de701ea0f29d07611174a1b42f1444741"},
    {file = "PyYAML-6.0.1-cp311-cp311-win_amd64.whl", hash = "sha256:bf07ee2fef7014951eeb99f56f39c9bb4af143d8aa3c21b1677805985307da34"},
    {file = "PyYAML-6.0.1-cp312-cp312-macosx_10_9_x86_64.whl", hash = "sha256:855fb52b0dc35af121542a76b9a84f8d1cd886ea97c84703eaa6d88e37a2ad28"},
    {file = "PyYAML-6.0.1-cp312-cp312-macosx_11_0_arm64.whl", hash = "sha256:40df9b996c2b73138957fe23a16a4f0ba614f4c0efce1e9406a184b6d07fa3a9"},
    {file = "PyYAML-6.0.1-cp312-cp312-manylinux_2_17_x86_64.manylinux2014_x86_64.whl", hash = "sha256:6c22bec3fbe2524cde73d7ada88f6566758a8f7227bfbf93a408a9d86bcc12a0"},
    {file = "PyYAML-6.0.1-cp312-cp312-musllinux_1_1_x86_64.whl", hash = "sha256:8d4e9c88387b0f5c7d5f281e55304de64cf7f9c0021a3525bd3b1c542da3b0e4"},
    {file = "PyYAML-6.0.1-cp312-cp312-win32.whl", hash = "sha256:d483d2cdf104e7c9fa60c544d92981f12ad66a457afae824d146093b8c294c54"},
    {file = "PyYAML-6.0.1-cp312-cp312-win_amd64.whl", hash = "sha256:0d3304d8c0adc42be59c5f8a4d9e3d7379e6955ad754aa9d6ab7a398b59dd1df"},
    {file = "PyYAML-6.0.1-cp36-cp36m-macosx_10_9_x86_64.whl", hash = "sha256:50550eb667afee136e9a77d6dc71ae76a44df8b3e51e41b77f6de2932bfe0f47"},
    {file = "PyYAML-6.0.1-cp36-cp36m-manylinux_2_17_aarch64.manylinux2014_aarch64.whl", hash = "sha256:1fe35611261b29bd1de0070f0b2f47cb6ff71fa6595c077e42bd0c419fa27b98"},
    {file = "PyYAML-6.0.1-cp36-cp36m-manylinux_2_17_s390x.manylinux2014_s390x.whl", hash = "sha256:704219a11b772aea0d8ecd7058d0082713c3562b4e271b849ad7dc4a5c90c13c"},
    {file = "PyYAML-6.0.1-cp36-cp36m-manylinux_2_17_x86_64.manylinux2014_x86_64.whl", hash = "sha256:afd7e57eddb1a54f0f1a974bc4391af8bcce0b444685d936840f125cf046d5bd"},
    {file = "PyYAML-6.0.1-cp36-cp36m-win32.whl", hash = "sha256:fca0e3a251908a499833aa292323f32437106001d436eca0e6e7833256674585"},
    {file = "PyYAML-6.0.1-cp36-cp36m-win_amd64.whl", hash = "sha256:f22ac1c3cac4dbc50079e965eba2c1058622631e526bd9afd45fedd49ba781fa"},
    {file = "PyYAML-6.0.1-cp37-cp37m-macosx_10_9_x86_64.whl", hash = "sha256:b1275ad35a5d18c62a7220633c913e1b42d44b46ee12554e5fd39c70a243d6a3"},
    {file = "PyYAML-6.0.1-cp37-cp37m-manylinux_2_17_aarch64.manylinux2014_aarch64.whl", hash = "sha256:18aeb1bf9a78867dc38b259769503436b7c72f7a1f1f4c93ff9a17de54319b27"},
    {file = "PyYAML-6.0.1-cp37-cp37m-manylinux_2_17_s390x.manylinux2014_s390x.whl", hash = "sha256:596106435fa6ad000c2991a98fa58eeb8656ef2325d7e158344fb33864ed87e3"},
    {file = "PyYAML-6.0.1-cp37-cp37m-manylinux_2_17_x86_64.manylinux2014_x86_64.whl", hash = "sha256:baa90d3f661d43131ca170712d903e6295d1f7a0f595074f151c0aed377c9b9c"},
    {file = "PyYAML-6.0.1-cp37-cp37m-win32.whl", hash = "sha256:9046c58c4395dff28dd494285c82ba00b546adfc7ef001486fbf0324bc174fba"},
    {file = "PyYAML-6.0.1-cp37-cp37m-win_amd64.whl", hash = "sha256:4fb147e7a67ef577a588a0e2c17b6db51dda102c71de36f8549b6816a96e1867"},
    {file = "PyYAML-6.0.1-cp38-cp38-macosx_10_9_x86_64.whl", hash = "sha256:1d4c7e777c441b20e32f52bd377e0c409713e8bb1386e1099c2415f26e479595"},
    {file = "PyYAML-6.0.1-cp38-cp38-manylinux_2_17_aarch64.manylinux2014_aarch64.whl", hash = "sha256:a0cd17c15d3bb3fa06978b4e8958dcdc6e0174ccea823003a106c7d4d7899ac5"},
    {file = "PyYAML-6.0.1-cp38-cp38-manylinux_2_17_s390x.manylinux2014_s390x.whl", hash = "sha256:28c119d996beec18c05208a8bd78cbe4007878c6dd15091efb73a30e90539696"},
    {file = "PyYAML-6.0.1-cp38-cp38-manylinux_2_17_x86_64.manylinux2014_x86_64.whl", hash = "sha256:7e07cbde391ba96ab58e532ff4803f79c4129397514e1413a7dc761ccd755735"},
    {file = "PyYAML-6.0.1-cp38-cp38-musllinux_1_1_x86_64.whl", hash = "sha256:49a183be227561de579b4a36efbb21b3eab9651dd81b1858589f796549873dd6"},
    {file = "PyYAML-6.0.1-cp38-cp38-win32.whl", hash = "sha256:184c5108a2aca3c5b3d3bf9395d50893a7ab82a38004c8f61c258d4428e80206"},
    {file = "PyYAML-6.0.1-cp38-cp38-win_amd64.whl", hash = "sha256:1e2722cc9fbb45d9b87631ac70924c11d3a401b2d7f410cc0e3bbf249f2dca62"},
    {file = "PyYAML-6.0.1-cp39-cp39-macosx_10_9_x86_64.whl", hash = "sha256:9eb6caa9a297fc2c2fb8862bc5370d0303ddba53ba97e71f08023b6cd73d16a8"},
    {file = "PyYAML-6.0.1-cp39-cp39-macosx_11_0_arm64.whl", hash = "sha256:c8098ddcc2a85b61647b2590f825f3db38891662cfc2fc776415143f599bb859"},
    {file = "PyYAML-6.0.1-cp39-cp39-manylinux_2_17_aarch64.manylinux2014_aarch64.whl", hash = "sha256:5773183b6446b2c99bb77e77595dd486303b4faab2b086e7b17bc6bef28865f6"},
    {file = "PyYAML-6.0.1-cp39-cp39-manylinux_2_17_s390x.manylinux2014_s390x.whl", hash = "sha256:b786eecbdf8499b9ca1d697215862083bd6d2a99965554781d0d8d1ad31e13a0"},
    {file = "PyYAML-6.0.1-cp39-cp39-manylinux_2_17_x86_64.manylinux2014_x86_64.whl", hash = "sha256:bc1bf2925a1ecd43da378f4db9e4f799775d6367bdb94671027b73b393a7c42c"},
    {file = "PyYAML-6.0.1-cp39-cp39-musllinux_1_1_x86_64.whl", hash = "sha256:04ac92ad1925b2cff1db0cfebffb6ffc43457495c9b3c39d3fcae417d7125dc5"},
    {file = "PyYAML-6.0.1-cp39-cp39-win32.whl", hash = "sha256:faca3bdcf85b2fc05d06ff3fbc1f83e1391b3e724afa3feba7d13eeab355484c"},
    {file = "PyYAML-6.0.1-cp39-cp39-win_amd64.whl", hash = "sha256:510c9deebc5c0225e8c96813043e62b680ba2f9c50a08d3724c7f28a747d1486"},
    {file = "PyYAML-6.0.1.tar.gz", hash = "sha256:bfdf460b1736c775f2ba9f6a92bca30bc2095067b8a9d77876d1fad6cc3b4a43"},
]

[[package]]
name = "rapidfuzz"
version = "3.2.0"
description = "rapid fuzzy string matching"
optional = false
python-versions = ">=3.7"
files = [
    {file = "rapidfuzz-3.2.0-cp310-cp310-macosx_10_9_universal2.whl", hash = "sha256:f5787f1cc456207dee1902804209e1a90df67e88517213aeeb1b248822413b4c"},
    {file = "rapidfuzz-3.2.0-cp310-cp310-macosx_10_9_x86_64.whl", hash = "sha256:e8d91137b0b5a6ef06c3979b6302265129dee1741486b6baa241ac63a632bea7"},
    {file = "rapidfuzz-3.2.0-cp310-cp310-macosx_11_0_arm64.whl", hash = "sha256:c130e73e0079f403b7c3dbf6f85816a3773971c3e639f7289f8b4337b8fd70fe"},
    {file = "rapidfuzz-3.2.0-cp310-cp310-manylinux_2_17_aarch64.manylinux2014_aarch64.whl", hash = "sha256:4e18059188bfe3cdbc3462aeec2fa3302b08717e04ca34e2cc6e02fb3c0280d8"},
    {file = "rapidfuzz-3.2.0-cp310-cp310-manylinux_2_17_i686.manylinux2014_i686.whl", hash = "sha256:37bb6bd6a79d5524f121ff2a7d7df4491519b3f43565dccd4596bd75aa73ab7c"},
    {file = "rapidfuzz-3.2.0-cp310-cp310-manylinux_2_17_ppc64le.manylinux2014_ppc64le.whl", hash = "sha256:ca0d6aee42effaf2e8883d2181196dd0957b1af5731b0763f10f994c32c823db"},
    {file = "rapidfuzz-3.2.0-cp310-cp310-manylinux_2_17_s390x.manylinux2014_s390x.whl", hash = "sha256:49fc2cbbf05bfa1af3fe4c0e0c8e5c8ac118d6b6ddfb0081cff48ad53734f7ac"},
    {file = "rapidfuzz-3.2.0-cp310-cp310-manylinux_2_17_x86_64.manylinux2014_x86_64.whl", hash = "sha256:1bd4fdee46f6ba7d254dba8e7e8f33012c964fc891a06b036b0fd20cab0db301"},
    {file = "rapidfuzz-3.2.0-cp310-cp310-musllinux_1_1_aarch64.whl", hash = "sha256:ab2863732eafd1cc58f249f145c20ad13d4c902d3ef3a369b00438c05e5bfb55"},
    {file = "rapidfuzz-3.2.0-cp310-cp310-musllinux_1_1_i686.whl", hash = "sha256:a9658c545de62ac948027092ba7f4e8507ebc5c9aef964eca654409c58f207f0"},
    {file = "rapidfuzz-3.2.0-cp310-cp310-musllinux_1_1_ppc64le.whl", hash = "sha256:5f3e36cfadaf29f081ad4ca476e320b639d610e930e0557f395780c9b2bdb135"},
    {file = "rapidfuzz-3.2.0-cp310-cp310-musllinux_1_1_s390x.whl", hash = "sha256:239ffc04328e14f5e4097102bd934352a43d5912acf34fb7d3e3fe306de92787"},
    {file = "rapidfuzz-3.2.0-cp310-cp310-musllinux_1_1_x86_64.whl", hash = "sha256:b56ce39ba0a77501d491bc20a2266989ae0264452758b004950ee5f4c10c641f"},
    {file = "rapidfuzz-3.2.0-cp310-cp310-win32.whl", hash = "sha256:dbebd639579ab113644699fe0c536ae00aba15b224e40a79987684333d1104a5"},
    {file = "rapidfuzz-3.2.0-cp310-cp310-win_amd64.whl", hash = "sha256:88e99229c4df99a7e5810d4d361033b44e29d8eb4faaddcfb8e4bdcb604cf40a"},
    {file = "rapidfuzz-3.2.0-cp310-cp310-win_arm64.whl", hash = "sha256:8e39c4e2e85828aa6c39cc7f30e2917d991b40190a2a3af1fa02396a3362a54e"},
    {file = "rapidfuzz-3.2.0-cp311-cp311-macosx_10_9_universal2.whl", hash = "sha256:2f2e618389427c5e8304357a78f83df22558e61f11bc21aeb95dd544c274d330"},
    {file = "rapidfuzz-3.2.0-cp311-cp311-macosx_10_9_x86_64.whl", hash = "sha256:a2a6babfe4d3ce2eadd0079ee7861cb5f1584845c5a3394edead85457e7d7464"},
    {file = "rapidfuzz-3.2.0-cp311-cp311-macosx_11_0_arm64.whl", hash = "sha256:f223deb06895c9c136b40cd8fd7e96ee745c3bb9ed502d7367f6ad9ab6fdd40e"},
    {file = "rapidfuzz-3.2.0-cp311-cp311-manylinux_2_17_aarch64.manylinux2014_aarch64.whl", hash = "sha256:0de6962b45f761355fa4b37de635e4df467d57530732a40d82e748a5bc911731"},
    {file = "rapidfuzz-3.2.0-cp311-cp311-manylinux_2_17_i686.manylinux2014_i686.whl", hash = "sha256:76953516cb3b75fb1234c5a90e0b86be4525f055a9e276237adb1ffe40dca536"},
    {file = "rapidfuzz-3.2.0-cp311-cp311-manylinux_2_17_ppc64le.manylinux2014_ppc64le.whl", hash = "sha256:a1e04861dddbb477500449dc67fb037656a049b6f78c4c434c6000e64aa42bb4"},
    {file = "rapidfuzz-3.2.0-cp311-cp311-manylinux_2_17_s390x.manylinux2014_s390x.whl", hash = "sha256:4ff6e725eec9c769f9d22126c80a6ada90275c0d693eca2b35d5933178bda5a2"},
    {file = "rapidfuzz-3.2.0-cp311-cp311-manylinux_2_17_x86_64.manylinux2014_x86_64.whl", hash = "sha256:9f21ce33242e579ba255c8a8b438782164acaa55bf188d9410298c40cbaa07d5"},
    {file = "rapidfuzz-3.2.0-cp311-cp311-musllinux_1_1_aarch64.whl", hash = "sha256:986a7aad18768b920bb710e15ed7629d1da0af31589348c0a51d152820efc05d"},
    {file = "rapidfuzz-3.2.0-cp311-cp311-musllinux_1_1_i686.whl", hash = "sha256:6e98f0a6fac14b7b9893147deceae12131f6ff169ae1c973635ef97617949c8f"},
    {file = "rapidfuzz-3.2.0-cp311-cp311-musllinux_1_1_ppc64le.whl", hash = "sha256:5dd5c4b9f5cd8a8271a90d1bab643028e7172808c68ed5d8dde661a3e51098e3"},
    {file = "rapidfuzz-3.2.0-cp311-cp311-musllinux_1_1_s390x.whl", hash = "sha256:e336b0a81c5a8e689edf6928136d19e791733a66509026d9acbaa148238186e0"},
    {file = "rapidfuzz-3.2.0-cp311-cp311-musllinux_1_1_x86_64.whl", hash = "sha256:8fa44afb731535a803c4c15ee846257fef050768af96d1d6c0eadb30285d0f7b"},
    {file = "rapidfuzz-3.2.0-cp311-cp311-win32.whl", hash = "sha256:d04ad155dbecc0c143912f691d38d4790e290c2ce5411b146c0e00d4f4afd26f"},
    {file = "rapidfuzz-3.2.0-cp311-cp311-win_amd64.whl", hash = "sha256:b9e79e27344af95a71a3bb6cd3562581da5d0780ff847a13ad69ee622d940d3c"},
    {file = "rapidfuzz-3.2.0-cp311-cp311-win_arm64.whl", hash = "sha256:dc53747e73f34e8f3a3c1b0bc5b437b90a2c69d873e97781aa7c06543201409a"},
    {file = "rapidfuzz-3.2.0-cp37-cp37m-macosx_10_9_x86_64.whl", hash = "sha256:613c1043332eeba0c0910de71af221ac10d820b4fa9615b0083c733b90a757f9"},
    {file = "rapidfuzz-3.2.0-cp37-cp37m-manylinux_2_17_aarch64.manylinux2014_aarch64.whl", hash = "sha256:f0907f87beca70e44f78e318eede2416ddba19ec43d28af9248617e8a1741ef3"},
    {file = "rapidfuzz-3.2.0-cp37-cp37m-manylinux_2_17_i686.manylinux2014_i686.whl", hash = "sha256:bcfd184e0b5c58497cc3d961f49ac07ae1656d161c6c4d06230d267ae4e11f00"},
    {file = "rapidfuzz-3.2.0-cp37-cp37m-manylinux_2_17_ppc64le.manylinux2014_ppc64le.whl", hash = "sha256:7a7d53a2f1ccfb169be26fa3824b1b185420592c75853f16c6b7115315ea6784"},
    {file = "rapidfuzz-3.2.0-cp37-cp37m-manylinux_2_17_s390x.manylinux2014_s390x.whl", hash = "sha256:2eac585803c4e8132ed5f4a150621db05c418304982c88cf706abdded65e1632"},
    {file = "rapidfuzz-3.2.0-cp37-cp37m-manylinux_2_17_x86_64.manylinux2014_x86_64.whl", hash = "sha256:fc859f654b350def5df2ebc6d09f822b04399823e3dad1c3f2e8776c825fcde7"},
    {file = "rapidfuzz-3.2.0-cp37-cp37m-musllinux_1_1_aarch64.whl", hash = "sha256:8a165f64c528edc0bbbd09c76d64efd4dbe4240fd1961710b69586ef40486e79"},
    {file = "rapidfuzz-3.2.0-cp37-cp37m-musllinux_1_1_i686.whl", hash = "sha256:56a392b655597ecf40535b56bfb7c0856c10c0abc0cbc369fd25a1665420710b"},
    {file = "rapidfuzz-3.2.0-cp37-cp37m-musllinux_1_1_ppc64le.whl", hash = "sha256:5863b176da42b1bb450a28375ef1502f81fbecd210a5aae295d7f2221284ad41"},
    {file = "rapidfuzz-3.2.0-cp37-cp37m-musllinux_1_1_s390x.whl", hash = "sha256:8f8590c39a3f745b314f2697b140c8f8600fe7ecfb2101e9e4ec6e7716c66827"},
    {file = "rapidfuzz-3.2.0-cp37-cp37m-musllinux_1_1_x86_64.whl", hash = "sha256:da00990adf1fbc0904f22409b3451473fa465a0ef49f3075703c206080aa31b2"},
    {file = "rapidfuzz-3.2.0-cp37-cp37m-win32.whl", hash = "sha256:2504205552bf568ac478f17dd612d0e31c4a82c645c66209a442df7e572b5adc"},
    {file = "rapidfuzz-3.2.0-cp37-cp37m-win_amd64.whl", hash = "sha256:af3ac648232c109e36c8b941106d726969972644aa3ef55218c5988aa1daea03"},
    {file = "rapidfuzz-3.2.0-cp38-cp38-macosx_10_9_universal2.whl", hash = "sha256:04d22f6058ce5d620ec4ecd771e44cfa77d571137d6c6547df57bdfc44ee2a98"},
    {file = "rapidfuzz-3.2.0-cp38-cp38-macosx_10_9_x86_64.whl", hash = "sha256:ac7ddcd372ed202d1b59b117506da695b291f135435cfbf3e71490aa8e687173"},
    {file = "rapidfuzz-3.2.0-cp38-cp38-macosx_11_0_arm64.whl", hash = "sha256:fd3fca0224b84350f73eab1fb5728c58fd25ee4f20e512607c7d83f9bc836d3f"},
    {file = "rapidfuzz-3.2.0-cp38-cp38-manylinux_2_17_aarch64.manylinux2014_aarch64.whl", hash = "sha256:9bdb1f92c4666c7e1d3c21268b931cf3f06f32af98dfdeb37641159b15fa31dd"},
    {file = "rapidfuzz-3.2.0-cp38-cp38-manylinux_2_17_i686.manylinux2014_i686.whl", hash = "sha256:871052405c465a45b53a3dc854a8be62079f42cdbb052651ff0b65e2452131e6"},
    {file = "rapidfuzz-3.2.0-cp38-cp38-manylinux_2_17_ppc64le.manylinux2014_ppc64le.whl", hash = "sha256:fb9bb1af5680741cf974f510fb3894907a1b308e819aff3d9ea10b5326e8a5f6"},
    {file = "rapidfuzz-3.2.0-cp38-cp38-manylinux_2_17_s390x.manylinux2014_s390x.whl", hash = "sha256:84ce2e010677835fa5ba591419e4404f11a1446f33eec3724a2bff557ae5144a"},
    {file = "rapidfuzz-3.2.0-cp38-cp38-manylinux_2_17_x86_64.manylinux2014_x86_64.whl", hash = "sha256:c13107e0fdca5ccae70659f45646d57453338a9dfc6b152fb7372e4bf73466a0"},
    {file = "rapidfuzz-3.2.0-cp38-cp38-musllinux_1_1_aarch64.whl", hash = "sha256:538027685a1a8f1699e329f6443951267f169bfa149298734ea679db8f0e7171"},
    {file = "rapidfuzz-3.2.0-cp38-cp38-musllinux_1_1_i686.whl", hash = "sha256:3557736672115d082979a8a12f884ed5b24268f4471fee85cfb2ec7212b68607"},
    {file = "rapidfuzz-3.2.0-cp38-cp38-musllinux_1_1_ppc64le.whl", hash = "sha256:6bc5e3da74644cf75663f5b438e0ae79b67d1f96d082cda771b0ecfed0528f40"},
    {file = "rapidfuzz-3.2.0-cp38-cp38-musllinux_1_1_s390x.whl", hash = "sha256:d2d0fc98d9d7bba44f929d201c2c2c35eb69ea2ffef43d939b297dafef934625"},
    {file = "rapidfuzz-3.2.0-cp38-cp38-musllinux_1_1_x86_64.whl", hash = "sha256:2bf85a3bf34f27383691e8af0fd148b2a3a89f1444d4640d04ef58030f596ee0"},
    {file = "rapidfuzz-3.2.0-cp38-cp38-win32.whl", hash = "sha256:cf5ea3f1d65a0bee707245a0096c3a6f769b3ad6f1b9afc7176dfb73eb0ac98f"},
    {file = "rapidfuzz-3.2.0-cp38-cp38-win_amd64.whl", hash = "sha256:54906095444ea8b0a4013f3799b3f2c380205d7f60b9c55774e7d2264fa8d9c6"},
    {file = "rapidfuzz-3.2.0-cp39-cp39-macosx_10_9_universal2.whl", hash = "sha256:6d44218823533e0d47770feef86c73c90a6f7e8d4923eafabf56a1fa3444eda0"},
    {file = "rapidfuzz-3.2.0-cp39-cp39-macosx_10_9_x86_64.whl", hash = "sha256:87c3d4077e61c66d5dd11198a317f83db8e8cf034239baa16e4384037b611652"},
    {file = "rapidfuzz-3.2.0-cp39-cp39-macosx_11_0_arm64.whl", hash = "sha256:fc0e1142350566349c41173685988d942ebc89578f25ee27750d261e7d79e1ce"},
    {file = "rapidfuzz-3.2.0-cp39-cp39-manylinux_2_17_aarch64.manylinux2014_aarch64.whl", hash = "sha256:de44a378751fdfb19ddf6af412b3395db4b21ab61f40139f815c82f1a1611b50"},
    {file = "rapidfuzz-3.2.0-cp39-cp39-manylinux_2_17_i686.manylinux2014_i686.whl", hash = "sha256:ca0983b30c7b289f540b11cdb550e301b3f2e8f0ef9df866aa24a16f6cd96041"},
    {file = "rapidfuzz-3.2.0-cp39-cp39-manylinux_2_17_ppc64le.manylinux2014_ppc64le.whl", hash = "sha256:adfffb79288437006be412d74e28cddd7c5e6cc9f84a34aa9c356b13dc1ad2c9"},
    {file = "rapidfuzz-3.2.0-cp39-cp39-manylinux_2_17_s390x.manylinux2014_s390x.whl", hash = "sha256:a284386652efb3b7d41ed5dd101ab4ce5936f585c52a47fa9838fc0342235700"},
    {file = "rapidfuzz-3.2.0-cp39-cp39-manylinux_2_17_x86_64.manylinux2014_x86_64.whl", hash = "sha256:c546c83d6bc9006b86f56921b92c3e16d8ddeb4e1663653e755a5d8a3ac258da"},
    {file = "rapidfuzz-3.2.0-cp39-cp39-musllinux_1_1_aarch64.whl", hash = "sha256:53b3575fa398a5021192c1592dce98965560ad00690be3ade056eab99288562c"},
    {file = "rapidfuzz-3.2.0-cp39-cp39-musllinux_1_1_i686.whl", hash = "sha256:366ade5d0067dc6281e2a6c9e5c91bbfe023b09cef86894de8fe480b4696e3bf"},
    {file = "rapidfuzz-3.2.0-cp39-cp39-musllinux_1_1_ppc64le.whl", hash = "sha256:f946dec03cc2c77bc091d186c007d1e957d1f16a4d68a181f5fa75aea40bdf87"},
    {file = "rapidfuzz-3.2.0-cp39-cp39-musllinux_1_1_s390x.whl", hash = "sha256:045e5cccb0e792005d5465de0ea4621b9b67778580e558f266984704e68b0087"},
    {file = "rapidfuzz-3.2.0-cp39-cp39-musllinux_1_1_x86_64.whl", hash = "sha256:fd80288b9538c87209893f0934563c20b6a43acf30693794bcc111b294447ee9"},
    {file = "rapidfuzz-3.2.0-cp39-cp39-win32.whl", hash = "sha256:a359436754ed5dd10d88706f076caa7f8e5c1469bf5ebba1897dc87aa9ff953e"},
    {file = "rapidfuzz-3.2.0-cp39-cp39-win_amd64.whl", hash = "sha256:75df3d9b895910ee810b2c96c8626cc2b5b63bb237762db36ff79fb466eccc43"},
    {file = "rapidfuzz-3.2.0-cp39-cp39-win_arm64.whl", hash = "sha256:893833a903875a50acdbcb7ed33b5426ba47412bd18b3eb80d56d982b641dc59"},
    {file = "rapidfuzz-3.2.0-pp37-pypy37_pp73-macosx_10_9_x86_64.whl", hash = "sha256:3002c3660180747243cccb40c95ade1960e6665b340f211a114f5994b345ab53"},
    {file = "rapidfuzz-3.2.0-pp37-pypy37_pp73-manylinux_2_17_aarch64.manylinux2014_aarch64.whl", hash = "sha256:aa50de7e0f95e1400b2bf38cfeb6e40cf87c862537871c2f7b2050b5db0a9dfc"},
    {file = "rapidfuzz-3.2.0-pp37-pypy37_pp73-manylinux_2_17_i686.manylinux2014_i686.whl", hash = "sha256:54842a578a2a8e5258812a9032ffb55e6f1185490fd160cae64e57b4dc342297"},
    {file = "rapidfuzz-3.2.0-pp37-pypy37_pp73-manylinux_2_17_x86_64.manylinux2014_x86_64.whl", hash = "sha256:108861623838cd574b0faa3309ce8525c2086159de7f9e23ac263a987c070ebd"},
    {file = "rapidfuzz-3.2.0-pp37-pypy37_pp73-win_amd64.whl", hash = "sha256:d39128415f0b52be08c15eeee5f79288189933a4d6fa5dc5fff11e20614b7989"},
    {file = "rapidfuzz-3.2.0-pp38-pypy38_pp73-macosx_10_9_x86_64.whl", hash = "sha256:3af2b75635f33ffab84e295773c84a176d4cba75311d836ad79b6795e9da11ac"},
    {file = "rapidfuzz-3.2.0-pp38-pypy38_pp73-manylinux_2_17_aarch64.manylinux2014_aarch64.whl", hash = "sha256:68c678f7f3ca3d83d1e1dd7fb7db3232037d9eef12a47f1d5fe248a76ca47571"},
    {file = "rapidfuzz-3.2.0-pp38-pypy38_pp73-manylinux_2_17_i686.manylinux2014_i686.whl", hash = "sha256:25d2bd257034e910df0951cdeff337dbd086d7d90af3ed9f6721e7bba9fc388a"},
    {file = "rapidfuzz-3.2.0-pp38-pypy38_pp73-manylinux_2_17_x86_64.manylinux2014_x86_64.whl", hash = "sha256:5c7f20e68cad26fc140c6f2ac9e8f2632a0cd66e407ba3ea4ace63c669fd4719"},
    {file = "rapidfuzz-3.2.0-pp38-pypy38_pp73-win_amd64.whl", hash = "sha256:f09fd9dc73180deb9ca1c4fbd9cc27378f0ab6ee74e97318c38c5080708702b6"},
    {file = "rapidfuzz-3.2.0-pp39-pypy39_pp73-macosx_10_9_x86_64.whl", hash = "sha256:af7914fc7683f921492f32314cfbe915a5376cc08a982e09084cbd9b866c9fd4"},
    {file = "rapidfuzz-3.2.0-pp39-pypy39_pp73-manylinux_2_17_aarch64.manylinux2014_aarch64.whl", hash = "sha256:08a242c4b909abbcfa44504dc5041d5eeca4cd088ae51afd6a52b4dc61684fa2"},
    {file = "rapidfuzz-3.2.0-pp39-pypy39_pp73-manylinux_2_17_i686.manylinux2014_i686.whl", hash = "sha256:71b07afaca28398b93d727a2565491c455896898b66daee4664acde4af94e557"},
    {file = "rapidfuzz-3.2.0-pp39-pypy39_pp73-manylinux_2_17_x86_64.manylinux2014_x86_64.whl", hash = "sha256:24e4c4a031c50e4eeb4787263319a0ac5bed20f4a263d28eac060150e3ba0018"},
    {file = "rapidfuzz-3.2.0-pp39-pypy39_pp73-win_amd64.whl", hash = "sha256:d19c2853a464c7b98cc408654412fd875b030f78023ccbefc4ba9eec754e07e7"},
    {file = "rapidfuzz-3.2.0.tar.gz", hash = "sha256:448d031d9960fea7826d42bd4284156fc68d3b55a6946eb34ca5c6acf960577b"},
]

[package.extras]
full = ["numpy"]

[[package]]
name = "requests"
version = "2.31.0"
description = "Python HTTP for Humans."
optional = false
python-versions = ">=3.7"
files = [
    {file = "requests-2.31.0-py3-none-any.whl", hash = "sha256:58cd2187c01e70e6e26505bca751777aa9f2ee0b7f4300988b709f44e013003f"},
    {file = "requests-2.31.0.tar.gz", hash = "sha256:942c5a758f98d790eaed1a29cb6eefc7ffb0d1cf7af05c3d2791656dbd6ad1e1"},
]

[package.dependencies]
certifi = ">=2017.4.17"
charset-normalizer = ">=2,<4"
idna = ">=2.5,<4"
urllib3 = ">=1.21.1,<3"

[package.extras]
socks = ["PySocks (>=1.5.6,!=1.5.7)"]
use-chardet-on-py3 = ["chardet (>=3.0.2,<6)"]

[[package]]
name = "thefuzz"
version = "0.20.0"
description = "Fuzzy string matching in python"
optional = false
python-versions = ">=3.7"
files = [
    {file = "thefuzz-0.20.0-py3-none-any.whl", hash = "sha256:bd2b657a12bd8518917d2d71c53125368706233b822fac688fca956730154388"},
    {file = "thefuzz-0.20.0.tar.gz", hash = "sha256:a25e49786b1c4603c7fc6e2d69e6bc660982a2919698b536ff8354e0631cc40d"},
]

[package.dependencies]
rapidfuzz = ">=3.0.0,<4.0.0"

[[package]]
name = "tomli"
version = "2.0.1"
description = "A lil' TOML parser"
optional = false
python-versions = ">=3.7"
files = [
    {file = "tomli-2.0.1-py3-none-any.whl", hash = "sha256:939de3e7a6161af0c887ef91b7d41a53e7c5a1ca976325f429cb46ea9bc30ecc"},
    {file = "tomli-2.0.1.tar.gz", hash = "sha256:de526c12914f0c550d15924c62d72abc48d6fe7364aa87328337a31007fe8a4f"},
]

[[package]]
name = "urllib3"
version = "2.0.4"
description = "HTTP library with thread-safe connection pooling, file post, and more."
optional = false
python-versions = ">=3.7"
files = [
    {file = "urllib3-2.0.4-py3-none-any.whl", hash = "sha256:de7df1803967d2c2a98e4b11bb7d6bd9210474c46e8a0401514e3a42a75ebde4"},
    {file = "urllib3-2.0.4.tar.gz", hash = "sha256:8d22f86aae8ef5e410d4f539fde9ce6b2113a001bb4d189e0aed70642d602b11"},
]

[package.extras]
brotli = ["brotli (>=1.0.9)", "brotlicffi (>=0.8.0)"]
secure = ["certifi", "cryptography (>=1.9)", "idna (>=2.0.0)", "pyopenssl (>=17.1.0)", "urllib3-secure-extra"]
socks = ["pysocks (>=1.5.6,!=1.5.7,<2.0)"]
zstd = ["zstandard (>=0.18.0)"]

[metadata]
lock-version = "2.0"
python-versions = "^3.9"
content-hash = "db737d129452ee8f6e34d9c1ae5c77319a241fd0b73c976039c9acf75445e46f"
